
Microsoft Visual Studio Solution File, Format Version 12.00
Project("{FAE04EC0-301F-11D3-BF4B-00C04F79EFBC}") = "SoschedBack.API", "SoschedBack.API\SoschedBack.API.csproj", "{F0737CCE-82FF-4116-AF03-3BFC61973F3C}"
EndProject
Project("{FAE04EC0-301F-11D3-BF4B-00C04F79EFBC}") = "SoschedBack.Core", "SoschedBack.Core\SoschedBack.Core.csproj", "{789691F1-48FE-45F9-8255-60DC5967A2CE}"
EndProject
Project("{FAE04EC0-301F-11D3-BF4B-00C04F79EFBC}") = "SoschedBack.Storage", "SoschedBack.Storage\SoschedBack.Storage.csproj", "{9D71AD50-9CAE-4996-B394-88B976D3C977}"
EndProject
Project("{2150E333-8FDC-42A3-9474-1A3956D46DE8}") = "Solution Items", "Solution Items", "{313471BD-D556-40E3-A50F-930F71A6E154}"
	ProjectSection(SolutionItems) = preProject
		docker-compose.yml = docker-compose.yml
		.env = .env
	EndProjectSection
EndProject
Global
	GlobalSection(SolutionConfigurationPlatforms) = preSolution
		Debug|Any CPU = Debug|Any CPU
		Release|Any CPU = Release|Any CPU
	EndGlobalSection
	GlobalSection(ProjectConfigurationPlatforms) = postSolution
		{F0737CCE-82FF-4116-AF03-3BFC61973F3C}.Debug|Any CPU.ActiveCfg = Debug|Any CPU
		{F0737CCE-82FF-4116-AF03-3BFC61973F3C}.Debug|Any CPU.Build.0 = Debug|Any CPU
		{F0737CCE-82FF-4116-AF03-3BFC61973F3C}.Release|Any CPU.ActiveCfg = Release|Any CPU
		{F0737CCE-82FF-4116-AF03-3BFC61973F3C}.Release|Any CPU.Build.0 = Release|Any CPU
		{789691F1-48FE-45F9-8255-60DC5967A2CE}.Debug|Any CPU.ActiveCfg = Debug|Any CPU
		{789691F1-48FE-45F9-8255-60DC5967A2CE}.Debug|Any CPU.Build.0 = Debug|Any CPU
		{789691F1-48FE-45F9-8255-60DC5967A2CE}.Release|Any CPU.ActiveCfg = Release|Any CPU
		{789691F1-48FE-45F9-8255-60DC5967A2CE}.Release|Any CPU.Build.0 = Release|Any CPU
		{9D71AD50-9CAE-4996-B394-88B976D3C977}.Debug|Any CPU.ActiveCfg = Debug|Any CPU
		{9D71AD50-9CAE-4996-B394-88B976D3C977}.Debug|Any CPU.Build.0 = Debug|Any CPU
		{9D71AD50-9CAE-4996-B394-88B976D3C977}.Release|Any CPU.ActiveCfg = Release|Any CPU
		{9D71AD50-9CAE-4996-B394-88B976D3C977}.Release|Any CPU.Build.0 = Release|Any CPU
	EndGlobalSection
EndGlobal
